
Microsoft Visual Studio Solution File, Format Version 12.00
# Visual Studio 15
VisualStudioVersion = 15.0.28307.645
MinimumVisualStudioVersion = 10.0.40219.1
Project("{FAE04EC0-301F-11D3-BF4B-00C04F79EFBC}") = "BrainfuckSharp", "BrainfuckSharp\BrainfuckSharp.csproj", "{5C98CC3A-CCE1-414B-A916-6005F15AC9BD}"
EndProject
Global
	GlobalSection(SolutionConfigurationPlatforms) = preSolution
		Debug|Any CPU = Debug|Any CPU
		Release|Any CPU = Release|Any CPU
	EndGlobalSection
	GlobalSection(ProjectConfigurationPlatforms) = postSolution
		{5C98CC3A-CCE1-414B-A916-6005F15AC9BD}.Debug|Any CPU.ActiveCfg = Debug|Any CPU
		{5C98CC3A-CCE1-414B-A916-6005F15AC9BD}.Debug|Any CPU.Build.0 = Debug|Any CPU
		{5C98CC3A-CCE1-414B-A916-6005F15AC9BD}.Release|Any CPU.ActiveCfg = Release|Any CPU
		{5C98CC3A-CCE1-414B-A916-6005F15AC9BD}.Release|Any CPU.Build.0 = Release|Any CPU
	EndGlobalSection
	GlobalSection(SolutionProperties) = preSolution
		HideSolutionNode = FALSE
	EndGlobalSection
	GlobalSection(ExtensibilityGlobals) = postSolution
		SolutionGuid = {A85F9B8B-452A-41A0-8332-718B7FF0D5E3}
	EndGlobalSection
EndGlobal
